
Microsoft Visual Studio Solution File, Format Version 10.00
# Visual Studio 2008
Project("{FAE04EC0-301F-11D3-BF4B-00C04F79EFBC}") = "OpenIDSelector", "OpenIDSelector\OpenIDSelector.csproj", "{137F2C0C-8875-4795-B6A8-F3AA1DB66FB5}"
EndProject
Project("{FAE04EC0-301F-11D3-BF4B-00C04F79EFBC}") = "OpenIDSelectorImplementation", "OpenIDSelectorImplementation\OpenIDSelectorImplementation.csproj", "{9C1B941B-56BA-46E5-BDCB-590F9D61C0D0}"
EndProject
Project("{FAE04EC0-301F-11D3-BF4B-00C04F79EFBC}") = "Implementation2", "Implementation2\Implementation2.csproj", "{BB20DC0A-1304-4CF6-BCB5-A37070127B10}"
EndProject
Project("{FAE04EC0-301F-11D3-BF4B-00C04F79EFBC}") = "SelectorWatinTests", "SelectorWatinTests\SelectorWatinTests.csproj", "{3BAF3FDC-A824-4E87-A9E7-D2FCF3A3EE8E}"
EndProject
Global
	GlobalSection(SolutionConfigurationPlatforms) = preSolution
		Debug|Any CPU = Debug|Any CPU
		Release|Any CPU = Release|Any CPU
	EndGlobalSection
	GlobalSection(ProjectConfigurationPlatforms) = postSolution
		{137F2C0C-8875-4795-B6A8-F3AA1DB66FB5}.Debug|Any CPU.ActiveCfg = Debug|Any CPU
		{137F2C0C-8875-4795-B6A8-F3AA1DB66FB5}.Debug|Any CPU.Build.0 = Debug|Any CPU
		{137F2C0C-8875-4795-B6A8-F3AA1DB66FB5}.Release|Any CPU.ActiveCfg = Release|Any CPU
		{137F2C0C-8875-4795-B6A8-F3AA1DB66FB5}.Release|Any CPU.Build.0 = Release|Any CPU
		{9C1B941B-56BA-46E5-BDCB-590F9D61C0D0}.Debug|Any CPU.ActiveCfg = Debug|Any CPU
		{9C1B941B-56BA-46E5-BDCB-590F9D61C0D0}.Debug|Any CPU.Build.0 = Debug|Any CPU
		{9C1B941B-56BA-46E5-BDCB-590F9D61C0D0}.Release|Any CPU.ActiveCfg = Release|Any CPU
		{9C1B941B-56BA-46E5-BDCB-590F9D61C0D0}.Release|Any CPU.Build.0 = Release|Any CPU
		{BB20DC0A-1304-4CF6-BCB5-A37070127B10}.Debug|Any CPU.ActiveCfg = Debug|Any CPU
		{BB20DC0A-1304-4CF6-BCB5-A37070127B10}.Debug|Any CPU.Build.0 = Debug|Any CPU
		{BB20DC0A-1304-4CF6-BCB5-A37070127B10}.Release|Any CPU.ActiveCfg = Release|Any CPU
		{BB20DC0A-1304-4CF6-BCB5-A37070127B10}.Release|Any CPU.Build.0 = Release|Any CPU
		{3BAF3FDC-A824-4E87-A9E7-D2FCF3A3EE8E}.Debug|Any CPU.ActiveCfg = Debug|Any CPU
		{3BAF3FDC-A824-4E87-A9E7-D2FCF3A3EE8E}.Debug|Any CPU.Build.0 = Debug|Any CPU
		{3BAF3FDC-A824-4E87-A9E7-D2FCF3A3EE8E}.Release|Any CPU.ActiveCfg = Release|Any CPU
		{3BAF3FDC-A824-4E87-A9E7-D2FCF3A3EE8E}.Release|Any CPU.Build.0 = Release|Any CPU
	EndGlobalSection
	GlobalSection(SolutionProperties) = preSolution
		HideSolutionNode = FALSE
	EndGlobalSection
EndGlobal
